
Microsoft Visual Studio Solution File, Format Version 12.00
# Visual Studio 14
VisualStudioVersion = 14.0.25123.0
MinimumVisualStudioVersion = 10.0.40219.1
Project("{FAE04EC0-301F-11D3-BF4B-00C04F79EFBC}") = "XFHocKey.Droid", "XFHocKey\XFHocKey.Droid\XFHocKey.Droid.csproj", "{7CE9B499-6033-4DD4-9080-9597405F5C84}"
EndProject
Project("{FAE04EC0-301F-11D3-BF4B-00C04F79EFBC}") = "XFHocKey.iOS", "XFHocKey\XFHocKey.iOS\XFHocKey.iOS.csproj", "{27048457-3B77-4C45-B8FA-3400DB7CDD84}"
EndProject
Project("{FAE04EC0-301F-11D3-BF4B-00C04F79EFBC}") = "XFHocKey.WinPhone", "XFHocKey\XFHocKey.WinPhone\XFHocKey.WinPhone.csproj", "{04B8C774-0748-43DC-B323-A03A7D8972B8}"
EndProject
Project("{FAE04EC0-301F-11D3-BF4B-00C04F79EFBC}") = "XFHocKey.UWP", "XFHocKey\XFHocKey.UWP\XFHocKey.UWP.csproj", "{30213F15-23AB-476A-9439-611424E4B4BA}"
EndProject
Project("{FAE04EC0-301F-11D3-BF4B-00C04F79EFBC}") = "XFHocKey.Windows", "XFHocKey\XFHocKey.Windows\XFHocKey.Windows.csproj", "{042A36F1-BD9E-4B91-9789-B9306FAD26F2}"
EndProject
Project("{FAE04EC0-301F-11D3-BF4B-00C04F79EFBC}") = "XFHocKey", "XFHocKey\XFHocKey\XFHocKey.csproj", "{49D51DF2-2374-4E63-9F6A-815EC64D3A7F}"
EndProject
Global
	GlobalSection(SolutionConfigurationPlatforms) = preSolution
		Ad-Hoc|Any CPU = Ad-Hoc|Any CPU
		Ad-Hoc|ARM = Ad-Hoc|ARM
		Ad-Hoc|iPhone = Ad-Hoc|iPhone
		Ad-Hoc|iPhoneSimulator = Ad-Hoc|iPhoneSimulator
		Ad-Hoc|x64 = Ad-Hoc|x64
		Ad-Hoc|x86 = Ad-Hoc|x86
		AppStore|Any CPU = AppStore|Any CPU
		AppStore|ARM = AppStore|ARM
		AppStore|iPhone = AppStore|iPhone
		AppStore|iPhoneSimulator = AppStore|iPhoneSimulator
		AppStore|x64 = AppStore|x64
		AppStore|x86 = AppStore|x86
		Debug|Any CPU = Debug|Any CPU
		Debug|ARM = Debug|ARM
		Debug|iPhone = Debug|iPhone
		Debug|iPhoneSimulator = Debug|iPhoneSimulator
		Debug|x64 = Debug|x64
		Debug|x86 = Debug|x86
		Release|Any CPU = Release|Any CPU
		Release|ARM = Release|ARM
		Release|iPhone = Release|iPhone
		Release|iPhoneSimulator = Release|iPhoneSimulator
		Release|x64 = Release|x64
		Release|x86 = Release|x86
	EndGlobalSection
	GlobalSection(ProjectConfigurationPlatforms) = postSolution
		{7CE9B499-6033-4DD4-9080-9597405F5C84}.Ad-Hoc|Any CPU.ActiveCfg = Release|Any CPU
		{7CE9B499-6033-4DD4-9080-9597405F5C84}.Ad-Hoc|Any CPU.Build.0 = Release|Any CPU
		{7CE9B499-6033-4DD4-9080-9597405F5C84}.Ad-Hoc|Any CPU.Deploy.0 = Release|Any CPU
		{7CE9B499-6033-4DD4-9080-9597405F5C84}.Ad-Hoc|ARM.ActiveCfg = Release|Any CPU
		{7CE9B499-6033-4DD4-9080-9597405F5C84}.Ad-Hoc|ARM.Build.0 = Release|Any CPU
		{7CE9B499-6033-4DD4-9080-9597405F5C84}.Ad-Hoc|ARM.Deploy.0 = Release|Any CPU
		{7CE9B499-6033-4DD4-9080-9597405F5C84}.Ad-Hoc|iPhone.ActiveCfg = Release|Any CPU
		{7CE9B499-6033-4DD4-9080-9597405F5C84}.Ad-Hoc|iPhone.Build.0 = Release|Any CPU
		{7CE9B499-6033-4DD4-9080-9597405F5C84}.Ad-Hoc|iPhone.Deploy.0 = Release|Any CPU
		{7CE9B499-6033-4DD4-9080-9597405F5C84}.Ad-Hoc|iPhoneSimulator.ActiveCfg = Release|Any CPU
		{7CE9B499-6033-4DD4-9080-9597405F5C84}.Ad-Hoc|iPhoneSimulator.Build.0 = Release|Any CPU
		{7CE9B499-6033-4DD4-9080-9597405F5C84}.Ad-Hoc|iPhoneSimulator.Deploy.0 = Release|Any CPU
		{7CE9B499-6033-4DD4-9080-9597405F5C84}.Ad-Hoc|x64.ActiveCfg = Release|Any CPU
		{7CE9B499-6033-4DD4-9080-9597405F5C84}.Ad-Hoc|x64.Build.0 = Release|Any CPU
		{7CE9B499-6033-4DD4-9080-9597405F5C84}.Ad-Hoc|x64.Deploy.0 = Release|Any CPU
		{7CE9B499-6033-4DD4-9080-9597405F5C84}.Ad-Hoc|x86.ActiveCfg = Release|Any CPU
		{7CE9B499-6033-4DD4-9080-9597405F5C84}.Ad-Hoc|x86.Build.0 = Release|Any CPU
		{7CE9B499-6033-4DD4-9080-9597405F5C84}.Ad-Hoc|x86.Deploy.0 = Release|Any CPU
		{7CE9B499-6033-4DD4-9080-9597405F5C84}.AppStore|Any CPU.ActiveCfg = Release|Any CPU
		{7CE9B499-6033-4DD4-9080-9597405F5C84}.AppStore|Any CPU.Build.0 = Release|Any CPU
		{7CE9B499-6033-4DD4-9080-9597405F5C84}.AppStore|Any CPU.Deploy.0 = Release|Any CPU
		{7CE9B499-6033-4DD4-9080-9597405F5C84}.AppStore|ARM.ActiveCfg = Release|Any CPU
		{7CE9B499-6033-4DD4-9080-9597405F5C84}.AppStore|ARM.Build.0 = Release|Any CPU
		{7CE9B499-6033-4DD4-9080-9597405F5C84}.AppStore|ARM.Deploy.0 = Release|Any CPU
		{7CE9B499-6033-4DD4-9080-9597405F5C84}.AppStore|iPhone.ActiveCfg = Release|Any CPU
		{7CE9B499-6033-4DD4-9080-9597405F5C84}.AppStore|iPhone.Build.0 = Release|Any CPU
		{7CE9B499-6033-4DD4-9080-9597405F5C84}.AppStore|iPhone.Deploy.0 = Release|Any CPU
		{7CE9B499-6033-4DD4-9080-9597405F5C84}.AppStore|iPhoneSimulator.ActiveCfg = Release|Any CPU
		{7CE9B499-6033-4DD4-9080-9597405F5C84}.AppStore|iPhoneSimulator.Build.0 = Release|Any CPU
		{7CE9B499-6033-4DD4-9080-9597405F5C84}.AppStore|iPhoneSimulator.Deploy.0 = Release|Any CPU
		{7CE9B499-6033-4DD4-9080-9597405F5C84}.AppStore|x64.ActiveCfg = Release|Any CPU
		{7CE9B499-6033-4DD4-9080-9597405F5C84}.AppStore|x64.Build.0 = Release|Any CPU
		{7CE9B499-6033-4DD4-9080-9597405F5C84}.AppStore|x64.Deploy.0 = Release|Any CPU
		{7CE9B499-6033-4DD4-9080-9597405F5C84}.AppStore|x86.ActiveCfg = Release|Any CPU
		{7CE9B499-6033-4DD4-9080-9597405F5C84}.AppStore|x86.Build.0 = Release|Any CPU
		{7CE9B499-6033-4DD4-9080-9597405F5C84}.AppStore|x86.Deploy.0 = Release|Any CPU
		{7CE9B499-6033-4DD4-9080-9597405F5C84}.Debug|Any CPU.ActiveCfg = Debug|Any CPU
		{7CE9B499-6033-4DD4-9080-9597405F5C84}.Debug|Any CPU.Build.0 = Debug|Any CPU
		{7CE9B499-6033-4DD4-9080-9597405F5C84}.Debug|Any CPU.Deploy.0 = Debug|Any CPU
		{7CE9B499-6033-4DD4-9080-9597405F5C84}.Debug|ARM.ActiveCfg = Debug|Any CPU
		{7CE9B499-6033-4DD4-9080-9597405F5C84}.Debug|ARM.Build.0 = Debug|Any CPU
		{7CE9B499-6033-4DD4-9080-9597405F5C84}.Debug|ARM.Deploy.0 = Debug|Any CPU
		{7CE9B499-6033-4DD4-9080-9597405F5C84}.Debug|iPhone.ActiveCfg = Debug|Any CPU
		{7CE9B499-6033-4DD4-9080-9597405F5C84}.Debug|iPhone.Build.0 = Debug|Any CPU
		{7CE9B499-6033-4DD4-9080-9597405F5C84}.Debug|iPhone.Deploy.0 = Debug|Any CPU
		{7CE9B499-6033-4DD4-9080-9597405F5C84}.Debug|iPhoneSimulator.ActiveCfg = Debug|Any CPU
		{7CE9B499-6033-4DD4-9080-9597405F5C84}.Debug|iPhoneSimulator.Build.0 = Debug|Any CPU
		{7CE9B499-6033-4DD4-9080-9597405F5C84}.Debug|iPhoneSimulator.Deploy.0 = Debug|Any CPU
		{7CE9B499-6033-4DD4-9080-9597405F5C84}.Debug|x64.ActiveCfg = Debug|Any CPU
		{7CE9B499-6033-4DD4-9080-9597405F5C84}.Debug|x64.Build.0 = Debug|Any CPU
		{7CE9B499-6033-4DD4-9080-9597405F5C84}.Debug|x64.Deploy.0 = Debug|Any CPU
		{7CE9B499-6033-4DD4-9080-9597405F5C84}.Debug|x86.ActiveCfg = Debug|Any CPU
		{7CE9B499-6033-4DD4-9080-9597405F5C84}.Debug|x86.Build.0 = Debug|Any CPU
		{7CE9B499-6033-4DD4-9080-9597405F5C84}.Debug|x86.Deploy.0 = Debug|Any CPU
		{7CE9B499-6033-4DD4-9080-9597405F5C84}.Release|Any CPU.ActiveCfg = Release|Any CPU
		{7CE9B499-6033-4DD4-9080-9597405F5C84}.Release|Any CPU.Build.0 = Release|Any CPU
		{7CE9B499-6033-4DD4-9080-9597405F5C84}.Release|Any CPU.Deploy.0 = Release|Any CPU
		{7CE9B499-6033-4DD4-9080-9597405F5C84}.Release|ARM.ActiveCfg = Release|Any CPU
		{7CE9B499-6033-4DD4-9080-9597405F5C84}.Release|ARM.Build.0 = Release|Any CPU
		{7CE9B499-6033-4DD4-9080-9597405F5C84}.Release|ARM.Deploy.0 = Release|Any CPU
		{7CE9B499-6033-4DD4-9080-9597405F5C84}.Release|iPhone.ActiveCfg = Release|Any CPU
		{7CE9B499-6033-4DD4-9080-9597405F5C84}.Release|iPhone.Build.0 = Release|Any CPU
		{7CE9B499-6033-4DD4-9080-9597405F5C84}.Release|iPhone.Deploy.0 = Release|Any CPU
		{7CE9B499-6033-4DD4-9080-9597405F5C84}.Release|iPhoneSimulator.ActiveCfg = Release|Any CPU
		{7CE9B499-6033-4DD4-9080-9597405F5C84}.Release|iPhoneSimulator.Build.0 = Release|Any CPU
		{7CE9B499-6033-4DD4-9080-9597405F5C84}.Release|iPhoneSimulator.Deploy.0 = Release|Any CPU
		{7CE9B499-6033-4DD4-9080-9597405F5C84}.Release|x64.ActiveCfg = Release|Any CPU
		{7CE9B499-6033-4DD4-9080-9597405F5C84}.Release|x64.Build.0 = Release|Any CPU
		{7CE9B499-6033-4DD4-9080-9597405F5C84}.Release|x64.Deploy.0 = Release|Any CPU
		{7CE9B499-6033-4DD4-9080-9597405F5C84}.Release|x86.ActiveCfg = Release|Any CPU
		{7CE9B499-6033-4DD4-9080-9597405F5C84}.Release|x86.Build.0 = Release|Any CPU
		{7CE9B499-6033-4DD4-9080-9597405F5C84}.Release|x86.Deploy.0 = Release|Any CPU
		{27048457-3B77-4C45-B8FA-3400DB7CDD84}.Ad-Hoc|Any CPU.ActiveCfg = Ad-Hoc|iPhone
		{27048457-3B77-4C45-B8FA-3400DB7CDD84}.Ad-Hoc|ARM.ActiveCfg = Ad-Hoc|iPhone
		{27048457-3B77-4C45-B8FA-3400DB7CDD84}.Ad-Hoc|iPhone.ActiveCfg = Ad-Hoc|iPhone
		{27048457-3B77-4C45-B8FA-3400DB7CDD84}.Ad-Hoc|iPhone.Build.0 = Ad-Hoc|iPhone
		{27048457-3B77-4C45-B8FA-3400DB7CDD84}.Ad-Hoc|iPhoneSimulator.ActiveCfg = Ad-Hoc|iPhoneSimulator
		{27048457-3B77-4C45-B8FA-3400DB7CDD84}.Ad-Hoc|iPhoneSimulator.Build.0 = Ad-Hoc|iPhoneSimulator
		{27048457-3B77-4C45-B8FA-3400DB7CDD84}.Ad-Hoc|x64.ActiveCfg = Ad-Hoc|iPhone
		{27048457-3B77-4C45-B8FA-3400DB7CDD84}.Ad-Hoc|x86.ActiveCfg = Ad-Hoc|iPhone
		{27048457-3B77-4C45-B8FA-3400DB7CDD84}.AppStore|Any CPU.ActiveCfg = AppStore|iPhone
		{27048457-3B77-4C45-B8FA-3400DB7CDD84}.AppStore|ARM.ActiveCfg = AppStore|iPhone
		{27048457-3B77-4C45-B8FA-3400DB7CDD84}.AppStore|iPhone.ActiveCfg = AppStore|iPhone
		{27048457-3B77-4C45-B8FA-3400DB7CDD84}.AppStore|iPhone.Build.0 = AppStore|iPhone
		{27048457-3B77-4C45-B8FA-3400DB7CDD84}.AppStore|iPhoneSimulator.ActiveCfg = AppStore|iPhoneSimulator
		{27048457-3B77-4C45-B8FA-3400DB7CDD84}.AppStore|iPhoneSimulator.Build.0 = AppStore|iPhoneSimulator
		{27048457-3B77-4C45-B8FA-3400DB7CDD84}.AppStore|x64.ActiveCfg = AppStore|iPhone
		{27048457-3B77-4C45-B8FA-3400DB7CDD84}.AppStore|x86.ActiveCfg = AppStore|iPhone
		{27048457-3B77-4C45-B8FA-3400DB7CDD84}.Debug|Any CPU.ActiveCfg = Debug|iPhone
		{27048457-3B77-4C45-B8FA-3400DB7CDD84}.Debug|ARM.ActiveCfg = Debug|iPhone
		{27048457-3B77-4C45-B8FA-3400DB7CDD84}.Debug|iPhone.ActiveCfg = Debug|iPhone
		{27048457-3B77-4C45-B8FA-3400DB7CDD84}.Debug|iPhone.Build.0 = Debug|iPhone
		{27048457-3B77-4C45-B8FA-3400DB7CDD84}.Debug|iPhoneSimulator.ActiveCfg = Debug|iPhoneSimulator
		{27048457-3B77-4C45-B8FA-3400DB7CDD84}.Debug|iPhoneSimulator.Build.0 = Debug|iPhoneSimulator
		{27048457-3B77-4C45-B8FA-3400DB7CDD84}.Debug|x64.ActiveCfg = Debug|iPhone
		{27048457-3B77-4C45-B8FA-3400DB7CDD84}.Debug|x86.ActiveCfg = Debug|iPhone
		{27048457-3B77-4C45-B8FA-3400DB7CDD84}.Release|Any CPU.ActiveCfg = Release|iPhone
		{27048457-3B77-4C45-B8FA-3400DB7CDD84}.Release|ARM.ActiveCfg = Release|iPhone
		{27048457-3B77-4C45-B8FA-3400DB7CDD84}.Release|iPhone.ActiveCfg = Release|iPhone
		{27048457-3B77-4C45-B8FA-3400DB7CDD84}.Release|iPhone.Build.0 = Release|iPhone
		{27048457-3B77-4C45-B8FA-3400DB7CDD84}.Release|iPhoneSimulator.ActiveCfg = Release|iPhoneSimulator
		{27048457-3B77-4C45-B8FA-3400DB7CDD84}.Release|iPhoneSimulator.Build.0 = Release|iPhoneSimulator
		{27048457-3B77-4C45-B8FA-3400DB7CDD84}.Release|x64.ActiveCfg = Release|iPhone
		{27048457-3B77-4C45-B8FA-3400DB7CDD84}.Release|x86.ActiveCfg = Release|iPhone
		{04B8C774-0748-43DC-B323-A03A7D8972B8}.Ad-Hoc|Any CPU.ActiveCfg = Release|Any CPU
		{04B8C774-0748-43DC-B323-A03A7D8972B8}.Ad-Hoc|Any CPU.Build.0 = Release|Any CPU
		{04B8C774-0748-43DC-B323-A03A7D8972B8}.Ad-Hoc|Any CPU.Deploy.0 = Release|Any CPU
		{04B8C774-0748-43DC-B323-A03A7D8972B8}.Ad-Hoc|ARM.ActiveCfg = Release|ARM
		{04B8C774-0748-43DC-B323-A03A7D8972B8}.Ad-Hoc|ARM.Build.0 = Release|ARM
		{04B8C774-0748-43DC-B323-A03A7D8972B8}.Ad-Hoc|ARM.Deploy.0 = Release|ARM
		{04B8C774-0748-43DC-B323-A03A7D8972B8}.Ad-Hoc|iPhone.ActiveCfg = Release|Any CPU
		{04B8C774-0748-43DC-B323-A03A7D8972B8}.Ad-Hoc|iPhone.Build.0 = Release|Any CPU
		{04B8C774-0748-43DC-B323-A03A7D8972B8}.Ad-Hoc|iPhone.Deploy.0 = Release|Any CPU
		{04B8C774-0748-43DC-B323-A03A7D8972B8}.Ad-Hoc|iPhoneSimulator.ActiveCfg = Release|Any CPU
		{04B8C774-0748-43DC-B323-A03A7D8972B8}.Ad-Hoc|iPhoneSimulator.Build.0 = Release|Any CPU
		{04B8C774-0748-43DC-B323-A03A7D8972B8}.Ad-Hoc|iPhoneSimulator.Deploy.0 = Release|Any CPU
		{04B8C774-0748-43DC-B323-A03A7D8972B8}.Ad-Hoc|x64.ActiveCfg = Release|Any CPU
		{04B8C774-0748-43DC-B323-A03A7D8972B8}.Ad-Hoc|x64.Build.0 = Release|Any CPU
		{04B8C774-0748-43DC-B323-A03A7D8972B8}.Ad-Hoc|x64.Deploy.0 = Release|Any CPU
		{04B8C774-0748-43DC-B323-A03A7D8972B8}.Ad-Hoc|x86.ActiveCfg = Release|x86
		{04B8C774-0748-43DC-B323-A03A7D8972B8}.Ad-Hoc|x86.Build.0 = Release|x86
		{04B8C774-0748-43DC-B323-A03A7D8972B8}.Ad-Hoc|x86.Deploy.0 = Release|x86
		{04B8C774-0748-43DC-B323-A03A7D8972B8}.AppStore|Any CPU.ActiveCfg = Release|Any CPU
		{04B8C774-0748-43DC-B323-A03A7D8972B8}.AppStore|Any CPU.Build.0 = Release|Any CPU
		{04B8C774-0748-43DC-B323-A03A7D8972B8}.AppStore|Any CPU.Deploy.0 = Release|Any CPU
		{04B8C774-0748-43DC-B323-A03A7D8972B8}.AppStore|ARM.ActiveCfg = Release|ARM
		{04B8C774-0748-43DC-B323-A03A7D8972B8}.AppStore|ARM.Build.0 = Release|ARM
		{04B8C774-0748-43DC-B323-A03A7D8972B8}.AppStore|ARM.Deploy.0 = Release|ARM
		{04B8C774-0748-43DC-B323-A03A7D8972B8}.AppStore|iPhone.ActiveCfg = Release|Any CPU
		{04B8C774-0748-43DC-B323-A03A7D8972B8}.AppStore|iPhone.Build.0 = Release|Any CPU
		{04B8C774-0748-43DC-B323-A03A7D8972B8}.AppStore|iPhone.Deploy.0 = Release|Any CPU
		{04B8C774-0748-43DC-B323-A03A7D8972B8}.AppStore|iPhoneSimulator.ActiveCfg = Release|Any CPU
		{04B8C774-0748-43DC-B323-A03A7D8972B8}.AppStore|iPhoneSimulator.Build.0 = Release|Any CPU
		{04B8C774-0748-43DC-B323-A03A7D8972B8}.AppStore|iPhoneSimulator.Deploy.0 = Release|Any CPU
		{04B8C774-0748-43DC-B323-A03A7D8972B8}.AppStore|x64.ActiveCfg = Release|Any CPU
		{04B8C774-0748-43DC-B323-A03A7D8972B8}.AppStore|x64.Build.0 = Release|Any CPU
		{04B8C774-0748-43DC-B323-A03A7D8972B8}.AppStore|x64.Deploy.0 = Release|Any CPU
		{04B8C774-0748-43DC-B323-A03A7D8972B8}.AppStore|x86.ActiveCfg = Release|x86
		{04B8C774-0748-43DC-B323-A03A7D8972B8}.AppStore|x86.Build.0 = Release|x86
		{04B8C774-0748-43DC-B323-A03A7D8972B8}.AppStore|x86.Deploy.0 = Release|x86
		{04B8C774-0748-43DC-B323-A03A7D8972B8}.Debug|Any CPU.ActiveCfg = Debug|Any CPU
		{04B8C774-0748-43DC-B323-A03A7D8972B8}.Debug|Any CPU.Build.0 = Debug|Any CPU
		{04B8C774-0748-43DC-B323-A03A7D8972B8}.Debug|Any CPU.Deploy.0 = Debug|Any CPU
		{04B8C774-0748-43DC-B323-A03A7D8972B8}.Debug|ARM.ActiveCfg = Debug|ARM
		{04B8C774-0748-43DC-B323-A03A7D8972B8}.Debug|ARM.Build.0 = Debug|ARM
		{04B8C774-0748-43DC-B323-A03A7D8972B8}.Debug|ARM.Deploy.0 = Debug|ARM
		{04B8C774-0748-43DC-B323-A03A7D8972B8}.Debug|iPhone.ActiveCfg = Debug|Any CPU
		{04B8C774-0748-43DC-B323-A03A7D8972B8}.Debug|iPhone.Build.0 = Debug|Any CPU
		{04B8C774-0748-43DC-B323-A03A7D8972B8}.Debug|iPhone.Deploy.0 = Debug|Any CPU
		{04B8C774-0748-43DC-B323-A03A7D8972B8}.Debug|iPhoneSimulator.ActiveCfg = Debug|Any CPU
		{04B8C774-0748-43DC-B323-A03A7D8972B8}.Debug|iPhoneSimulator.Build.0 = Debug|Any CPU
		{04B8C774-0748-43DC-B323-A03A7D8972B8}.Debug|iPhoneSimulator.Deploy.0 = Debug|Any CPU
		{04B8C774-0748-43DC-B323-A03A7D8972B8}.Debug|x64.ActiveCfg = Debug|Any CPU
		{04B8C774-0748-43DC-B323-A03A7D8972B8}.Debug|x64.Build.0 = Debug|Any CPU
		{04B8C774-0748-43DC-B323-A03A7D8972B8}.Debug|x64.Deploy.0 = Debug|Any CPU
		{04B8C774-0748-43DC-B323-A03A7D8972B8}.Debug|x86.ActiveCfg = Debug|x86
		{04B8C774-0748-43DC-B323-A03A7D8972B8}.Debug|x86.Build.0 = Debug|x86
		{04B8C774-0748-43DC-B323-A03A7D8972B8}.Debug|x86.Deploy.0 = Debug|x86
		{04B8C774-0748-43DC-B323-A03A7D8972B8}.Release|Any CPU.ActiveCfg = Release|Any CPU
		{04B8C774-0748-43DC-B323-A03A7D8972B8}.Release|Any CPU.Build.0 = Release|Any CPU
		{04B8C774-0748-43DC-B323-A03A7D8972B8}.Release|Any CPU.Deploy.0 = Release|Any CPU
		{04B8C774-0748-43DC-B323-A03A7D8972B8}.Release|ARM.ActiveCfg = Release|ARM
		{04B8C774-0748-43DC-B323-A03A7D8972B8}.Release|ARM.Build.0 = Release|ARM
		{04B8C774-0748-43DC-B323-A03A7D8972B8}.Release|ARM.Deploy.0 = Release|ARM
		{04B8C774-0748-43DC-B323-A03A7D8972B8}.Release|iPhone.ActiveCfg = Release|Any CPU
		{04B8C774-0748-43DC-B323-A03A7D8972B8}.Release|iPhone.Build.0 = Release|Any CPU
		{04B8C774-0748-43DC-B323-A03A7D8972B8}.Release|iPhone.Deploy.0 = Release|Any CPU
		{04B8C774-0748-43DC-B323-A03A7D8972B8}.Release|iPhoneSimulator.ActiveCfg = Release|Any CPU
		{04B8C774-0748-43DC-B323-A03A7D8972B8}.Release|iPhoneSimulator.Build.0 = Release|Any CPU
		{04B8C774-0748-43DC-B323-A03A7D8972B8}.Release|iPhoneSimulator.Deploy.0 = Release|Any CPU
		{04B8C774-0748-43DC-B323-A03A7D8972B8}.Release|x64.ActiveCfg = Release|Any CPU
		{04B8C774-0748-43DC-B323-A03A7D8972B8}.Release|x64.Build.0 = Release|Any CPU
		{04B8C774-0748-43DC-B323-A03A7D8972B8}.Release|x64.Deploy.0 = Release|Any CPU
		{04B8C774-0748-43DC-B323-A03A7D8972B8}.Release|x86.ActiveCfg = Release|x86
		{04B8C774-0748-43DC-B323-A03A7D8972B8}.Release|x86.Build.0 = Release|x86
		{04B8C774-0748-43DC-B323-A03A7D8972B8}.Release|x86.Deploy.0 = Release|x86
		{30213F15-23AB-476A-9439-611424E4B4BA}.Ad-Hoc|Any CPU.ActiveCfg = Release|x86
		{30213F15-23AB-476A-9439-611424E4B4BA}.Ad-Hoc|Any CPU.Build.0 = Release|x86
		{30213F15-23AB-476A-9439-611424E4B4BA}.Ad-Hoc|Any CPU.Deploy.0 = Release|x86
		{30213F15-23AB-476A-9439-611424E4B4BA}.Ad-Hoc|ARM.ActiveCfg = Release|ARM
		{30213F15-23AB-476A-9439-611424E4B4BA}.Ad-Hoc|ARM.Build.0 = Release|ARM
		{30213F15-23AB-476A-9439-611424E4B4BA}.Ad-Hoc|ARM.Deploy.0 = Release|ARM
		{30213F15-23AB-476A-9439-611424E4B4BA}.Ad-Hoc|iPhone.ActiveCfg = Release|x86
		{30213F15-23AB-476A-9439-611424E4B4BA}.Ad-Hoc|iPhone.Build.0 = Release|x86
		{30213F15-23AB-476A-9439-611424E4B4BA}.Ad-Hoc|iPhone.Deploy.0 = Release|x86
		{30213F15-23AB-476A-9439-611424E4B4BA}.Ad-Hoc|iPhoneSimulator.ActiveCfg = Release|x86
		{30213F15-23AB-476A-9439-611424E4B4BA}.Ad-Hoc|iPhoneSimulator.Build.0 = Release|x86
		{30213F15-23AB-476A-9439-611424E4B4BA}.Ad-Hoc|iPhoneSimulator.Deploy.0 = Release|x86
		{30213F15-23AB-476A-9439-611424E4B4BA}.Ad-Hoc|x64.ActiveCfg = Release|x64
		{30213F15-23AB-476A-9439-611424E4B4BA}.Ad-Hoc|x64.Build.0 = Release|x64
		{30213F15-23AB-476A-9439-611424E4B4BA}.Ad-Hoc|x64.Deploy.0 = Release|x64
		{30213F15-23AB-476A-9439-611424E4B4BA}.Ad-Hoc|x86.ActiveCfg = Release|x86
		{30213F15-23AB-476A-9439-611424E4B4BA}.Ad-Hoc|x86.Build.0 = Release|x86
		{30213F15-23AB-476A-9439-611424E4B4BA}.Ad-Hoc|x86.Deploy.0 = Release|x86
		{30213F15-23AB-476A-9439-611424E4B4BA}.AppStore|Any CPU.ActiveCfg = Release|x86
		{30213F15-23AB-476A-9439-611424E4B4BA}.AppStore|Any CPU.Build.0 = Release|x86
		{30213F15-23AB-476A-9439-611424E4B4BA}.AppStore|Any CPU.Deploy.0 = Release|x86
		{30213F15-23AB-476A-9439-611424E4B4BA}.AppStore|ARM.ActiveCfg = Release|ARM
		{30213F15-23AB-476A-9439-611424E4B4BA}.AppStore|ARM.Build.0 = Release|ARM
		{30213F15-23AB-476A-9439-611424E4B4BA}.AppStore|ARM.Deploy.0 = Release|ARM
		{30213F15-23AB-476A-9439-611424E4B4BA}.AppStore|iPhone.ActiveCfg = Release|x86
		{30213F15-23AB-476A-9439-611424E4B4BA}.AppStore|iPhone.Build.0 = Release|x86
		{30213F15-23AB-476A-9439-611424E4B4BA}.AppStore|iPhone.Deploy.0 = Release|x86
		{30213F15-23AB-476A-9439-611424E4B4BA}.AppStore|iPhoneSimulator.ActiveCfg = Release|x86
		{30213F15-23AB-476A-9439-611424E4B4BA}.AppStore|iPhoneSimulator.Build.0 = Release|x86
		{30213F15-23AB-476A-9439-611424E4B4BA}.AppStore|iPhoneSimulator.Deploy.0 = Release|x86
		{30213F15-23AB-476A-9439-611424E4B4BA}.AppStore|x64.ActiveCfg = Release|x64
		{30213F15-23AB-476A-9439-611424E4B4BA}.AppStore|x64.Build.0 = Release|x64
		{30213F15-23AB-476A-9439-611424E4B4BA}.AppStore|x64.Deploy.0 = Release|x64
		{30213F15-23AB-476A-9439-611424E4B4BA}.AppStore|x86.ActiveCfg = Release|x86
		{30213F15-23AB-476A-9439-611424E4B4BA}.AppStore|x86.Build.0 = Release|x86
		{30213F15-23AB-476A-9439-611424E4B4BA}.AppStore|x86.Deploy.0 = Release|x86
		{30213F15-23AB-476A-9439-611424E4B4BA}.Debug|Any CPU.ActiveCfg = Debug|x86
		{30213F15-23AB-476A-9439-611424E4B4BA}.Debug|ARM.ActiveCfg = Debug|ARM
		{30213F15-23AB-476A-9439-611424E4B4BA}.Debug|ARM.Build.0 = Debug|ARM
		{30213F15-23AB-476A-9439-611424E4B4BA}.Debug|ARM.Deploy.0 = Debug|ARM
		{30213F15-23AB-476A-9439-611424E4B4BA}.Debug|iPhone.ActiveCfg = Debug|x86
		{30213F15-23AB-476A-9439-611424E4B4BA}.Debug|iPhoneSimulator.ActiveCfg = Debug|x86
		{30213F15-23AB-476A-9439-611424E4B4BA}.Debug|x64.ActiveCfg = Debug|x64
		{30213F15-23AB-476A-9439-611424E4B4BA}.Debug|x64.Build.0 = Debug|x64
		{30213F15-23AB-476A-9439-611424E4B4BA}.Debug|x64.Deploy.0 = Debug|x64
		{30213F15-23AB-476A-9439-611424E4B4BA}.Debug|x86.ActiveCfg = Debug|x86
		{30213F15-23AB-476A-9439-611424E4B4BA}.Debug|x86.Build.0 = Debug|x86
		{30213F15-23AB-476A-9439-611424E4B4BA}.Debug|x86.Deploy.0 = Debug|x86
		{30213F15-23AB-476A-9439-611424E4B4BA}.Release|Any CPU.ActiveCfg = Release|x86
		{30213F15-23AB-476A-9439-611424E4B4BA}.Release|ARM.ActiveCfg = Release|ARM
		{30213F15-23AB-476A-9439-611424E4B4BA}.Release|ARM.Build.0 = Release|ARM
		{30213F15-23AB-476A-9439-611424E4B4BA}.Release|ARM.Deploy.0 = Release|ARM
		{30213F15-23AB-476A-9439-611424E4B4BA}.Release|iPhone.ActiveCfg = Release|x86
		{30213F15-23AB-476A-9439-611424E4B4BA}.Release|iPhoneSimulator.ActiveCfg = Release|x86
		{30213F15-23AB-476A-9439-611424E4B4BA}.Release|x64.ActiveCfg = Release|x64
		{30213F15-23AB-476A-9439-611424E4B4BA}.Release|x64.Build.0 = Release|x64
		{30213F15-23AB-476A-9439-611424E4B4BA}.Release|x64.Deploy.0 = Release|x64
		{30213F15-23AB-476A-9439-611424E4B4BA}.Release|x86.ActiveCfg = Release|x86
		{30213F15-23AB-476A-9439-611424E4B4BA}.Release|x86.Build.0 = Release|x86
		{30213F15-23AB-476A-9439-611424E4B4BA}.Release|x86.Deploy.0 = Release|x86
		{042A36F1-BD9E-4B91-9789-B9306FAD26F2}.Ad-Hoc|Any CPU.ActiveCfg = Release|Any CPU
		{042A36F1-BD9E-4B91-9789-B9306FAD26F2}.Ad-Hoc|Any CPU.Build.0 = Release|Any CPU
		{042A36F1-BD9E-4B91-9789-B9306FAD26F2}.Ad-Hoc|Any CPU.Deploy.0 = Release|Any CPU
		{042A36F1-BD9E-4B91-9789-B9306FAD26F2}.Ad-Hoc|ARM.ActiveCfg = Release|ARM
		{042A36F1-BD9E-4B91-9789-B9306FAD26F2}.Ad-Hoc|ARM.Build.0 = Release|ARM
		{042A36F1-BD9E-4B91-9789-B9306FAD26F2}.Ad-Hoc|ARM.Deploy.0 = Release|ARM
		{042A36F1-BD9E-4B91-9789-B9306FAD26F2}.Ad-Hoc|iPhone.ActiveCfg = Release|Any CPU
		{042A36F1-BD9E-4B91-9789-B9306FAD26F2}.Ad-Hoc|iPhone.Build.0 = Release|Any CPU
		{042A36F1-BD9E-4B91-9789-B9306FAD26F2}.Ad-Hoc|iPhone.Deploy.0 = Release|Any CPU
		{042A36F1-BD9E-4B91-9789-B9306FAD26F2}.Ad-Hoc|iPhoneSimulator.ActiveCfg = Release|Any CPU
		{042A36F1-BD9E-4B91-9789-B9306FAD26F2}.Ad-Hoc|iPhoneSimulator.Build.0 = Release|Any CPU
		{042A36F1-BD9E-4B91-9789-B9306FAD26F2}.Ad-Hoc|iPhoneSimulator.Deploy.0 = Release|Any CPU
		{042A36F1-BD9E-4B91-9789-B9306FAD26F2}.Ad-Hoc|x64.ActiveCfg = Release|x64
		{042A36F1-BD9E-4B91-9789-B9306FAD26F2}.Ad-Hoc|x64.Build.0 = Release|x64
		{042A36F1-BD9E-4B91-9789-B9306FAD26F2}.Ad-Hoc|x64.Deploy.0 = Release|x64
		{042A36F1-BD9E-4B91-9789-B9306FAD26F2}.Ad-Hoc|x86.ActiveCfg = Release|x86
		{042A36F1-BD9E-4B91-9789-B9306FAD26F2}.Ad-Hoc|x86.Build.0 = Release|x86
		{042A36F1-BD9E-4B91-9789-B9306FAD26F2}.Ad-Hoc|x86.Deploy.0 = Release|x86
		{042A36F1-BD9E-4B91-9789-B9306FAD26F2}.AppStore|Any CPU.ActiveCfg = Release|Any CPU
		{042A36F1-BD9E-4B91-9789-B9306FAD26F2}.AppStore|Any CPU.Build.0 = Release|Any CPU
		{042A36F1-BD9E-4B91-9789-B9306FAD26F2}.AppStore|Any CPU.Deploy.0 = Release|Any CPU
		{042A36F1-BD9E-4B91-9789-B9306FAD26F2}.AppStore|ARM.ActiveCfg = Release|ARM
		{042A36F1-BD9E-4B91-9789-B9306FAD26F2}.AppStore|ARM.Build.0 = Release|ARM
		{042A36F1-BD9E-4B91-9789-B9306FAD26F2}.AppStore|ARM.Deploy.0 = Release|ARM
		{042A36F1-BD9E-4B91-9789-B9306FAD26F2}.AppStore|iPhone.ActiveCfg = Release|Any CPU
		{042A36F1-BD9E-4B91-9789-B9306FAD26F2}.AppStore|iPhone.Build.0 = Release|Any CPU
		{042A36F1-BD9E-4B91-9789-B9306FAD26F2}.AppStore|iPhone.Deploy.0 = Release|Any CPU
		{042A36F1-BD9E-4B91-9789-B9306FAD26F2}.AppStore|iPhoneSimulator.ActiveCfg = Release|Any CPU
		{042A36F1-BD9E-4B91-9789-B9306FAD26F2}.AppStore|iPhoneSimulator.Build.0 = Release|Any CPU
		{042A36F1-BD9E-4B91-9789-B9306FAD26F2}.AppStore|iPhoneSimulator.Deploy.0 = Release|Any CPU
		{042A36F1-BD9E-4B91-9789-B9306FAD26F2}.AppStore|x64.ActiveCfg = Release|x64
		{042A36F1-BD9E-4B91-9789-B9306FAD26F2}.AppStore|x64.Build.0 = Release|x64
		{042A36F1-BD9E-4B91-9789-B9306FAD26F2}.AppStore|x64.Deploy.0 = Release|x64
		{042A36F1-BD9E-4B91-9789-B9306FAD26F2}.AppStore|x86.ActiveCfg = Release|x86
		{042A36F1-BD9E-4B91-9789-B9306FAD26F2}.AppStore|x86.Build.0 = Release|x86
		{042A36F1-BD9E-4B91-9789-B9306FAD26F2}.AppStore|x86.Deploy.0 = Release|x86
		{042A36F1-BD9E-4B91-9789-B9306FAD26F2}.Debug|Any CPU.ActiveCfg = Debug|Any CPU
		{042A36F1-BD9E-4B91-9789-B9306FAD26F2}.Debug|Any CPU.Build.0 = Debug|Any CPU
		{042A36F1-BD9E-4B91-9789-B9306FAD26F2}.Debug|Any CPU.Deploy.0 = Debug|Any CPU
		{042A36F1-BD9E-4B91-9789-B9306FAD26F2}.Debug|ARM.ActiveCfg = Debug|ARM
		{042A36F1-BD9E-4B91-9789-B9306FAD26F2}.Debug|ARM.Build.0 = Debug|ARM
		{042A36F1-BD9E-4B91-9789-B9306FAD26F2}.Debug|ARM.Deploy.0 = Debug|ARM
		{042A36F1-BD9E-4B91-9789-B9306FAD26F2}.Debug|iPhone.ActiveCfg = Debug|Any CPU
		{042A36F1-BD9E-4B91-9789-B9306FAD26F2}.Debug|iPhone.Build.0 = Debug|Any CPU
		{042A36F1-BD9E-4B91-9789-B9306FAD26F2}.Debug|iPhone.Deploy.0 = Debug|Any CPU
		{042A36F1-BD9E-4B91-9789-B9306FAD26F2}.Debug|iPhoneSimulator.ActiveCfg = Debug|Any CPU
		{042A36F1-BD9E-4B91-9789-B9306FAD26F2}.Debug|iPhoneSimulator.Build.0 = Debug|Any CPU
		{042A36F1-BD9E-4B91-9789-B9306FAD26F2}.Debug|iPhoneSimulator.Deploy.0 = Debug|Any CPU
		{042A36F1-BD9E-4B91-9789-B9306FAD26F2}.Debug|x64.ActiveCfg = Debug|x64
		{042A36F1-BD9E-4B91-9789-B9306FAD26F2}.Debug|x64.Build.0 = Debug|x64
		{042A36F1-BD9E-4B91-9789-B9306FAD26F2}.Debug|x64.Deploy.0 = Debug|x64
		{042A36F1-BD9E-4B91-9789-B9306FAD26F2}.Debug|x86.ActiveCfg = Debug|x86
		{042A36F1-BD9E-4B91-9789-B9306FAD26F2}.Debug|x86.Build.0 = Debug|x86
		{042A36F1-BD9E-4B91-9789-B9306FAD26F2}.Debug|x86.Deploy.0 = Debug|x86
		{042A36F1-BD9E-4B91-9789-B9306FAD26F2}.Release|Any CPU.ActiveCfg = Release|Any CPU
		{042A36F1-BD9E-4B91-9789-B9306FAD26F2}.Release|Any CPU.Build.0 = Release|Any CPU
		{042A36F1-BD9E-4B91-9789-B9306FAD26F2}.Release|Any CPU.Deploy.0 = Release|Any CPU
		{042A36F1-BD9E-4B91-9789-B9306FAD26F2}.Release|ARM.ActiveCfg = Release|ARM
		{042A36F1-BD9E-4B91-9789-B9306FAD26F2}.Release|ARM.Build.0 = Release|ARM
		{042A36F1-BD9E-4B91-9789-B9306FAD26F2}.Release|ARM.Deploy.0 = Release|ARM
		{042A36F1-BD9E-4B91-9789-B9306FAD26F2}.Release|iPhone.ActiveCfg = Release|Any CPU
		{042A36F1-BD9E-4B91-9789-B9306FAD26F2}.Release|iPhone.Build.0 = Release|Any CPU
		{042A36F1-BD9E-4B91-9789-B9306FAD26F2}.Release|iPhone.Deploy.0 = Release|Any CPU
		{042A36F1-BD9E-4B91-9789-B9306FAD26F2}.Release|iPhoneSimulator.ActiveCfg = Release|Any CPU
		{042A36F1-BD9E-4B91-9789-B9306FAD26F2}.Release|iPhoneSimulator.Build.0 = Release|Any CPU
		{042A36F1-BD9E-4B91-9789-B9306FAD26F2}.Release|iPhoneSimulator.Deploy.0 = Release|Any CPU
		{042A36F1-BD9E-4B91-9789-B9306FAD26F2}.Release|x64.ActiveCfg = Release|x64
		{042A36F1-BD9E-4B91-9789-B9306FAD26F2}.Release|x64.Build.0 = Release|x64
		{042A36F1-BD9E-4B91-9789-B9306FAD26F2}.Release|x64.Deploy.0 = Release|x64
		{042A36F1-BD9E-4B91-9789-B9306FAD26F2}.Release|x86.ActiveCfg = Release|x86
		{042A36F1-BD9E-4B91-9789-B9306FAD26F2}.Release|x86.Build.0 = Release|x86
		{042A36F1-BD9E-4B91-9789-B9306FAD26F2}.Release|x86.Deploy.0 = Release|x86
		{49D51DF2-2374-4E63-9F6A-815EC64D3A7F}.Ad-Hoc|Any CPU.ActiveCfg = Release|Any CPU
		{49D51DF2-2374-4E63-9F6A-815EC64D3A7F}.Ad-Hoc|Any CPU.Build.0 = Release|Any CPU
		{49D51DF2-2374-4E63-9F6A-815EC64D3A7F}.Ad-Hoc|ARM.ActiveCfg = Release|Any CPU
		{49D51DF2-2374-4E63-9F6A-815EC64D3A7F}.Ad-Hoc|ARM.Build.0 = Release|Any CPU
		{49D51DF2-2374-4E63-9F6A-815EC64D3A7F}.Ad-Hoc|iPhone.ActiveCfg = Release|Any CPU
		{49D51DF2-2374-4E63-9F6A-815EC64D3A7F}.Ad-Hoc|iPhone.Build.0 = Release|Any CPU
		{49D51DF2-2374-4E63-9F6A-815EC64D3A7F}.Ad-Hoc|iPhoneSimulator.ActiveCfg = Release|Any CPU
		{49D51DF2-2374-4E63-9F6A-815EC64D3A7F}.Ad-Hoc|iPhoneSimulator.Build.0 = Release|Any CPU
		{49D51DF2-2374-4E63-9F6A-815EC64D3A7F}.Ad-Hoc|x64.ActiveCfg = Release|Any CPU
		{49D51DF2-2374-4E63-9F6A-815EC64D3A7F}.Ad-Hoc|x64.Build.0 = Release|Any CPU
		{49D51DF2-2374-4E63-9F6A-815EC64D3A7F}.Ad-Hoc|x86.ActiveCfg = Release|Any CPU
		{49D51DF2-2374-4E63-9F6A-815EC64D3A7F}.Ad-Hoc|x86.Build.0 = Release|Any CPU
		{49D51DF2-2374-4E63-9F6A-815EC64D3A7F}.AppStore|Any CPU.ActiveCfg = Release|Any CPU
		{49D51DF2-2374-4E63-9F6A-815EC64D3A7F}.AppStore|Any CPU.Build.0 = Release|Any CPU
		{49D51DF2-2374-4E63-9F6A-815EC64D3A7F}.AppStore|ARM.ActiveCfg = Release|Any CPU
		{49D51DF2-2374-4E63-9F6A-815EC64D3A7F}.AppStore|ARM.Build.0 = Release|Any CPU
		{49D51DF2-2374-4E63-9F6A-815EC64D3A7F}.AppStore|iPhone.ActiveCfg = Release|Any CPU
		{49D51DF2-2374-4E63-9F6A-815EC64D3A7F}.AppStore|iPhone.Build.0 = Release|Any CPU
		{49D51DF2-2374-4E63-9F6A-815EC64D3A7F}.AppStore|iPhoneSimulator.ActiveCfg = Release|Any CPU
		{49D51DF2-2374-4E63-9F6A-815EC64D3A7F}.AppStore|iPhoneSimulator.Build.0 = Release|Any CPU
		{49D51DF2-2374-4E63-9F6A-815EC64D3A7F}.AppStore|x64.ActiveCfg = Release|Any CPU
		{49D51DF2-2374-4E63-9F6A-815EC64D3A7F}.AppStore|x64.Build.0 = Release|Any CPU
		{49D51DF2-2374-4E63-9F6A-815EC64D3A7F}.AppStore|x86.ActiveCfg = Release|Any CPU
		{49D51DF2-2374-4E63-9F6A-815EC64D3A7F}.AppStore|x86.Build.0 = Release|Any CPU
		{49D51DF2-2374-4E63-9F6A-815EC64D3A7F}.Debug|Any CPU.ActiveCfg = Debug|Any CPU
		{49D51DF2-2374-4E63-9F6A-815EC64D3A7F}.Debug|Any CPU.Build.0 = Debug|Any CPU
		{49D51DF2-2374-4E63-9F6A-815EC64D3A7F}.Debug|ARM.ActiveCfg = Debug|Any CPU
		{49D51DF2-2374-4E63-9F6A-815EC64D3A7F}.Debug|ARM.Build.0 = Debug|Any CPU
		{49D51DF2-2374-4E63-9F6A-815EC64D3A7F}.Debug|iPhone.ActiveCfg = Debug|Any CPU
		{49D51DF2-2374-4E63-9F6A-815EC64D3A7F}.Debug|iPhone.Build.0 = Debug|Any CPU
		{49D51DF2-2374-4E63-9F6A-815EC64D3A7F}.Debug|iPhoneSimulator.ActiveCfg = Debug|Any CPU
		{49D51DF2-2374-4E63-9F6A-815EC64D3A7F}.Debug|iPhoneSimulator.Build.0 = Debug|Any CPU
		{49D51DF2-2374-4E63-9F6A-815EC64D3A7F}.Debug|x64.ActiveCfg = Debug|Any CPU
		{49D51DF2-2374-4E63-9F6A-815EC64D3A7F}.Debug|x64.Build.0 = Debug|Any CPU
		{49D51DF2-2374-4E63-9F6A-815EC64D3A7F}.Debug|x86.ActiveCfg = Debug|Any CPU
		{49D51DF2-2374-4E63-9F6A-815EC64D3A7F}.Debug|x86.Build.0 = Debug|Any CPU
		{49D51DF2-2374-4E63-9F6A-815EC64D3A7F}.Release|Any CPU.ActiveCfg = Release|Any CPU
		{49D51DF2-2374-4E63-9F6A-815EC64D3A7F}.Release|Any CPU.Build.0 = Release|Any CPU
		{49D51DF2-2374-4E63-9F6A-815EC64D3A7F}.Release|ARM.ActiveCfg = Release|Any CPU
		{49D51DF2-2374-4E63-9F6A-815EC64D3A7F}.Release|ARM.Build.0 = Release|Any CPU
		{49D51DF2-2374-4E63-9F6A-815EC64D3A7F}.Release|iPhone.ActiveCfg = Release|Any CPU
		{49D51DF2-2374-4E63-9F6A-815EC64D3A7F}.Release|iPhone.Build.0 = Release|Any CPU
		{49D51DF2-2374-4E63-9F6A-815EC64D3A7F}.Release|iPhoneSimulator.ActiveCfg = Release|Any CPU
		{49D51DF2-2374-4E63-9F6A-815EC64D3A7F}.Release|iPhoneSimulator.Build.0 = Release|Any CPU
		{49D51DF2-2374-4E63-9F6A-815EC64D3A7F}.Release|x64.ActiveCfg = Release|Any CPU
		{49D51DF2-2374-4E63-9F6A-815EC64D3A7F}.Release|x64.Build.0 = Release|Any CPU
		{49D51DF2-2374-4E63-9F6A-815EC64D3A7F}.Release|x86.ActiveCfg = Release|Any CPU
		{49D51DF2-2374-4E63-9F6A-815EC64D3A7F}.Release|x86.Build.0 = Release|Any CPU
	EndGlobalSection
	GlobalSection(SolutionProperties) = preSolution
		HideSolutionNode = FALSE
	EndGlobalSection
EndGlobal
