
Microsoft Visual Studio Solution File, Format Version 12.00
# Visual Studio 14
VisualStudioVersion = 14.0.25420.1
MinimumVisualStudioVersion = 10.0.40219.1
Project("{FAE04EC0-301F-11D3-BF4B-00C04F79EFBC}") = "XFDoggy", "XFDoggy\XFDoggy\XFDoggy.csproj", "{EE79BDE2-0C1C-4CE9-9764-251193BF8192}"
EndProject
Project("{FAE04EC0-301F-11D3-BF4B-00C04F79EFBC}") = "XFDoggy.Droid", "XFDoggy\XFDoggy.Droid\XFDoggy.Droid.csproj", "{E87FF2A1-6AE3-4E20-8BF6-20BDD8682B35}"
EndProject
Project("{FAE04EC0-301F-11D3-BF4B-00C04F79EFBC}") = "XFDoggy.iOS", "XFDoggy\XFDoggy.iOS\XFDoggy.iOS.csproj", "{DCD69BA5-0486-42C9-B5B9-059B06F33156}"
EndProject
Project("{FAE04EC0-301F-11D3-BF4B-00C04F79EFBC}") = "XFDoggy.UWP", "XFDoggy\XFDoggy.UWP\XFDoggy.UWP.csproj", "{FD4FD01B-5ECD-4EC8-B36F-4B3864038FB2}"
EndProject
Global
	GlobalSection(SolutionConfigurationPlatforms) = preSolution
		Ad-Hoc|Any CPU = Ad-Hoc|Any CPU
		Ad-Hoc|ARM = Ad-Hoc|ARM
		Ad-Hoc|iPhone = Ad-Hoc|iPhone
		Ad-Hoc|iPhoneSimulator = Ad-Hoc|iPhoneSimulator
		Ad-Hoc|x64 = Ad-Hoc|x64
		Ad-Hoc|x86 = Ad-Hoc|x86
		AppStore|Any CPU = AppStore|Any CPU
		AppStore|ARM = AppStore|ARM
		AppStore|iPhone = AppStore|iPhone
		AppStore|iPhoneSimulator = AppStore|iPhoneSimulator
		AppStore|x64 = AppStore|x64
		AppStore|x86 = AppStore|x86
		Debug|Any CPU = Debug|Any CPU
		Debug|ARM = Debug|ARM
		Debug|iPhone = Debug|iPhone
		Debug|iPhoneSimulator = Debug|iPhoneSimulator
		Debug|x64 = Debug|x64
		Debug|x86 = Debug|x86
		Release|Any CPU = Release|Any CPU
		Release|ARM = Release|ARM
		Release|iPhone = Release|iPhone
		Release|iPhoneSimulator = Release|iPhoneSimulator
		Release|x64 = Release|x64
		Release|x86 = Release|x86
	EndGlobalSection
	GlobalSection(ProjectConfigurationPlatforms) = postSolution
		{EE79BDE2-0C1C-4CE9-9764-251193BF8192}.Ad-Hoc|Any CPU.ActiveCfg = Release|Any CPU
		{EE79BDE2-0C1C-4CE9-9764-251193BF8192}.Ad-Hoc|Any CPU.Build.0 = Release|Any CPU
		{EE79BDE2-0C1C-4CE9-9764-251193BF8192}.Ad-Hoc|ARM.ActiveCfg = Release|Any CPU
		{EE79BDE2-0C1C-4CE9-9764-251193BF8192}.Ad-Hoc|ARM.Build.0 = Release|Any CPU
		{EE79BDE2-0C1C-4CE9-9764-251193BF8192}.Ad-Hoc|iPhone.ActiveCfg = Release|Any CPU
		{EE79BDE2-0C1C-4CE9-9764-251193BF8192}.Ad-Hoc|iPhone.Build.0 = Release|Any CPU
		{EE79BDE2-0C1C-4CE9-9764-251193BF8192}.Ad-Hoc|iPhoneSimulator.ActiveCfg = Release|Any CPU
		{EE79BDE2-0C1C-4CE9-9764-251193BF8192}.Ad-Hoc|iPhoneSimulator.Build.0 = Release|Any CPU
		{EE79BDE2-0C1C-4CE9-9764-251193BF8192}.Ad-Hoc|x64.ActiveCfg = Release|Any CPU
		{EE79BDE2-0C1C-4CE9-9764-251193BF8192}.Ad-Hoc|x64.Build.0 = Release|Any CPU
		{EE79BDE2-0C1C-4CE9-9764-251193BF8192}.Ad-Hoc|x86.ActiveCfg = Release|Any CPU
		{EE79BDE2-0C1C-4CE9-9764-251193BF8192}.Ad-Hoc|x86.Build.0 = Release|Any CPU
		{EE79BDE2-0C1C-4CE9-9764-251193BF8192}.AppStore|Any CPU.ActiveCfg = Release|Any CPU
		{EE79BDE2-0C1C-4CE9-9764-251193BF8192}.AppStore|Any CPU.Build.0 = Release|Any CPU
		{EE79BDE2-0C1C-4CE9-9764-251193BF8192}.AppStore|ARM.ActiveCfg = Release|Any CPU
		{EE79BDE2-0C1C-4CE9-9764-251193BF8192}.AppStore|ARM.Build.0 = Release|Any CPU
		{EE79BDE2-0C1C-4CE9-9764-251193BF8192}.AppStore|iPhone.ActiveCfg = Release|Any CPU
		{EE79BDE2-0C1C-4CE9-9764-251193BF8192}.AppStore|iPhone.Build.0 = Release|Any CPU
		{EE79BDE2-0C1C-4CE9-9764-251193BF8192}.AppStore|iPhoneSimulator.ActiveCfg = Release|Any CPU
		{EE79BDE2-0C1C-4CE9-9764-251193BF8192}.AppStore|iPhoneSimulator.Build.0 = Release|Any CPU
		{EE79BDE2-0C1C-4CE9-9764-251193BF8192}.AppStore|x64.ActiveCfg = Release|Any CPU
		{EE79BDE2-0C1C-4CE9-9764-251193BF8192}.AppStore|x64.Build.0 = Release|Any CPU
		{EE79BDE2-0C1C-4CE9-9764-251193BF8192}.AppStore|x86.ActiveCfg = Release|Any CPU
		{EE79BDE2-0C1C-4CE9-9764-251193BF8192}.AppStore|x86.Build.0 = Release|Any CPU
		{EE79BDE2-0C1C-4CE9-9764-251193BF8192}.Debug|Any CPU.ActiveCfg = Debug|Any CPU
		{EE79BDE2-0C1C-4CE9-9764-251193BF8192}.Debug|Any CPU.Build.0 = Debug|Any CPU
		{EE79BDE2-0C1C-4CE9-9764-251193BF8192}.Debug|ARM.ActiveCfg = Debug|Any CPU
		{EE79BDE2-0C1C-4CE9-9764-251193BF8192}.Debug|ARM.Build.0 = Debug|Any CPU
		{EE79BDE2-0C1C-4CE9-9764-251193BF8192}.Debug|iPhone.ActiveCfg = Debug|Any CPU
		{EE79BDE2-0C1C-4CE9-9764-251193BF8192}.Debug|iPhone.Build.0 = Debug|Any CPU
		{EE79BDE2-0C1C-4CE9-9764-251193BF8192}.Debug|iPhoneSimulator.ActiveCfg = Debug|Any CPU
		{EE79BDE2-0C1C-4CE9-9764-251193BF8192}.Debug|iPhoneSimulator.Build.0 = Debug|Any CPU
		{EE79BDE2-0C1C-4CE9-9764-251193BF8192}.Debug|x64.ActiveCfg = Debug|Any CPU
		{EE79BDE2-0C1C-4CE9-9764-251193BF8192}.Debug|x64.Build.0 = Debug|Any CPU
		{EE79BDE2-0C1C-4CE9-9764-251193BF8192}.Debug|x86.ActiveCfg = Debug|Any CPU
		{EE79BDE2-0C1C-4CE9-9764-251193BF8192}.Debug|x86.Build.0 = Debug|Any CPU
		{EE79BDE2-0C1C-4CE9-9764-251193BF8192}.Release|Any CPU.ActiveCfg = Release|Any CPU
		{EE79BDE2-0C1C-4CE9-9764-251193BF8192}.Release|Any CPU.Build.0 = Release|Any CPU
		{EE79BDE2-0C1C-4CE9-9764-251193BF8192}.Release|ARM.ActiveCfg = Release|Any CPU
		{EE79BDE2-0C1C-4CE9-9764-251193BF8192}.Release|ARM.Build.0 = Release|Any CPU
		{EE79BDE2-0C1C-4CE9-9764-251193BF8192}.Release|iPhone.ActiveCfg = Release|Any CPU
		{EE79BDE2-0C1C-4CE9-9764-251193BF8192}.Release|iPhone.Build.0 = Release|Any CPU
		{EE79BDE2-0C1C-4CE9-9764-251193BF8192}.Release|iPhoneSimulator.ActiveCfg = Release|Any CPU
		{EE79BDE2-0C1C-4CE9-9764-251193BF8192}.Release|iPhoneSimulator.Build.0 = Release|Any CPU
		{EE79BDE2-0C1C-4CE9-9764-251193BF8192}.Release|x64.ActiveCfg = Release|Any CPU
		{EE79BDE2-0C1C-4CE9-9764-251193BF8192}.Release|x64.Build.0 = Release|Any CPU
		{EE79BDE2-0C1C-4CE9-9764-251193BF8192}.Release|x86.ActiveCfg = Release|Any CPU
		{EE79BDE2-0C1C-4CE9-9764-251193BF8192}.Release|x86.Build.0 = Release|Any CPU
		{E87FF2A1-6AE3-4E20-8BF6-20BDD8682B35}.Ad-Hoc|Any CPU.ActiveCfg = Release|Any CPU
		{E87FF2A1-6AE3-4E20-8BF6-20BDD8682B35}.Ad-Hoc|Any CPU.Build.0 = Release|Any CPU
		{E87FF2A1-6AE3-4E20-8BF6-20BDD8682B35}.Ad-Hoc|Any CPU.Deploy.0 = Release|Any CPU
		{E87FF2A1-6AE3-4E20-8BF6-20BDD8682B35}.Ad-Hoc|ARM.ActiveCfg = Release|Any CPU
		{E87FF2A1-6AE3-4E20-8BF6-20BDD8682B35}.Ad-Hoc|ARM.Build.0 = Release|Any CPU
		{E87FF2A1-6AE3-4E20-8BF6-20BDD8682B35}.Ad-Hoc|ARM.Deploy.0 = Release|Any CPU
		{E87FF2A1-6AE3-4E20-8BF6-20BDD8682B35}.Ad-Hoc|iPhone.ActiveCfg = Release|Any CPU
		{E87FF2A1-6AE3-4E20-8BF6-20BDD8682B35}.Ad-Hoc|iPhone.Build.0 = Release|Any CPU
		{E87FF2A1-6AE3-4E20-8BF6-20BDD8682B35}.Ad-Hoc|iPhone.Deploy.0 = Release|Any CPU
		{E87FF2A1-6AE3-4E20-8BF6-20BDD8682B35}.Ad-Hoc|iPhoneSimulator.ActiveCfg = Release|Any CPU
		{E87FF2A1-6AE3-4E20-8BF6-20BDD8682B35}.Ad-Hoc|iPhoneSimulator.Build.0 = Release|Any CPU
		{E87FF2A1-6AE3-4E20-8BF6-20BDD8682B35}.Ad-Hoc|iPhoneSimulator.Deploy.0 = Release|Any CPU
		{E87FF2A1-6AE3-4E20-8BF6-20BDD8682B35}.Ad-Hoc|x64.ActiveCfg = Release|Any CPU
		{E87FF2A1-6AE3-4E20-8BF6-20BDD8682B35}.Ad-Hoc|x64.Build.0 = Release|Any CPU
		{E87FF2A1-6AE3-4E20-8BF6-20BDD8682B35}.Ad-Hoc|x64.Deploy.0 = Release|Any CPU
		{E87FF2A1-6AE3-4E20-8BF6-20BDD8682B35}.Ad-Hoc|x86.ActiveCfg = Release|Any CPU
		{E87FF2A1-6AE3-4E20-8BF6-20BDD8682B35}.Ad-Hoc|x86.Build.0 = Release|Any CPU
		{E87FF2A1-6AE3-4E20-8BF6-20BDD8682B35}.Ad-Hoc|x86.Deploy.0 = Release|Any CPU
		{E87FF2A1-6AE3-4E20-8BF6-20BDD8682B35}.AppStore|Any CPU.ActiveCfg = Release|Any CPU
		{E87FF2A1-6AE3-4E20-8BF6-20BDD8682B35}.AppStore|Any CPU.Build.0 = Release|Any CPU
		{E87FF2A1-6AE3-4E20-8BF6-20BDD8682B35}.AppStore|Any CPU.Deploy.0 = Release|Any CPU
		{E87FF2A1-6AE3-4E20-8BF6-20BDD8682B35}.AppStore|ARM.ActiveCfg = Release|Any CPU
		{E87FF2A1-6AE3-4E20-8BF6-20BDD8682B35}.AppStore|ARM.Build.0 = Release|Any CPU
		{E87FF2A1-6AE3-4E20-8BF6-20BDD8682B35}.AppStore|ARM.Deploy.0 = Release|Any CPU
		{E87FF2A1-6AE3-4E20-8BF6-20BDD8682B35}.AppStore|iPhone.ActiveCfg = Release|Any CPU
		{E87FF2A1-6AE3-4E20-8BF6-20BDD8682B35}.AppStore|iPhone.Build.0 = Release|Any CPU
		{E87FF2A1-6AE3-4E20-8BF6-20BDD8682B35}.AppStore|iPhone.Deploy.0 = Release|Any CPU
		{E87FF2A1-6AE3-4E20-8BF6-20BDD8682B35}.AppStore|iPhoneSimulator.ActiveCfg = Release|Any CPU
		{E87FF2A1-6AE3-4E20-8BF6-20BDD8682B35}.AppStore|iPhoneSimulator.Build.0 = Release|Any CPU
		{E87FF2A1-6AE3-4E20-8BF6-20BDD8682B35}.AppStore|iPhoneSimulator.Deploy.0 = Release|Any CPU
		{E87FF2A1-6AE3-4E20-8BF6-20BDD8682B35}.AppStore|x64.ActiveCfg = Release|Any CPU
		{E87FF2A1-6AE3-4E20-8BF6-20BDD8682B35}.AppStore|x64.Build.0 = Release|Any CPU
		{E87FF2A1-6AE3-4E20-8BF6-20BDD8682B35}.AppStore|x64.Deploy.0 = Release|Any CPU
		{E87FF2A1-6AE3-4E20-8BF6-20BDD8682B35}.AppStore|x86.ActiveCfg = Release|Any CPU
		{E87FF2A1-6AE3-4E20-8BF6-20BDD8682B35}.AppStore|x86.Build.0 = Release|Any CPU
		{E87FF2A1-6AE3-4E20-8BF6-20BDD8682B35}.AppStore|x86.Deploy.0 = Release|Any CPU
		{E87FF2A1-6AE3-4E20-8BF6-20BDD8682B35}.Debug|Any CPU.ActiveCfg = Debug|Any CPU
		{E87FF2A1-6AE3-4E20-8BF6-20BDD8682B35}.Debug|Any CPU.Build.0 = Debug|Any CPU
		{E87FF2A1-6AE3-4E20-8BF6-20BDD8682B35}.Debug|Any CPU.Deploy.0 = Debug|Any CPU
		{E87FF2A1-6AE3-4E20-8BF6-20BDD8682B35}.Debug|ARM.ActiveCfg = Debug|Any CPU
		{E87FF2A1-6AE3-4E20-8BF6-20BDD8682B35}.Debug|ARM.Build.0 = Debug|Any CPU
		{E87FF2A1-6AE3-4E20-8BF6-20BDD8682B35}.Debug|ARM.Deploy.0 = Debug|Any CPU
		{E87FF2A1-6AE3-4E20-8BF6-20BDD8682B35}.Debug|iPhone.ActiveCfg = Debug|Any CPU
		{E87FF2A1-6AE3-4E20-8BF6-20BDD8682B35}.Debug|iPhone.Build.0 = Debug|Any CPU
		{E87FF2A1-6AE3-4E20-8BF6-20BDD8682B35}.Debug|iPhone.Deploy.0 = Debug|Any CPU
		{E87FF2A1-6AE3-4E20-8BF6-20BDD8682B35}.Debug|iPhoneSimulator.ActiveCfg = Debug|Any CPU
		{E87FF2A1-6AE3-4E20-8BF6-20BDD8682B35}.Debug|iPhoneSimulator.Build.0 = Debug|Any CPU
		{E87FF2A1-6AE3-4E20-8BF6-20BDD8682B35}.Debug|iPhoneSimulator.Deploy.0 = Debug|Any CPU
		{E87FF2A1-6AE3-4E20-8BF6-20BDD8682B35}.Debug|x64.ActiveCfg = Debug|Any CPU
		{E87FF2A1-6AE3-4E20-8BF6-20BDD8682B35}.Debug|x64.Build.0 = Debug|Any CPU
		{E87FF2A1-6AE3-4E20-8BF6-20BDD8682B35}.Debug|x64.Deploy.0 = Debug|Any CPU
		{E87FF2A1-6AE3-4E20-8BF6-20BDD8682B35}.Debug|x86.ActiveCfg = Debug|Any CPU
		{E87FF2A1-6AE3-4E20-8BF6-20BDD8682B35}.Debug|x86.Build.0 = Debug|Any CPU
		{E87FF2A1-6AE3-4E20-8BF6-20BDD8682B35}.Debug|x86.Deploy.0 = Debug|Any CPU
		{E87FF2A1-6AE3-4E20-8BF6-20BDD8682B35}.Release|Any CPU.ActiveCfg = Release|Any CPU
		{E87FF2A1-6AE3-4E20-8BF6-20BDD8682B35}.Release|Any CPU.Build.0 = Release|Any CPU
		{E87FF2A1-6AE3-4E20-8BF6-20BDD8682B35}.Release|Any CPU.Deploy.0 = Release|Any CPU
		{E87FF2A1-6AE3-4E20-8BF6-20BDD8682B35}.Release|ARM.ActiveCfg = Release|Any CPU
		{E87FF2A1-6AE3-4E20-8BF6-20BDD8682B35}.Release|ARM.Build.0 = Release|Any CPU
		{E87FF2A1-6AE3-4E20-8BF6-20BDD8682B35}.Release|ARM.Deploy.0 = Release|Any CPU
		{E87FF2A1-6AE3-4E20-8BF6-20BDD8682B35}.Release|iPhone.ActiveCfg = Release|Any CPU
		{E87FF2A1-6AE3-4E20-8BF6-20BDD8682B35}.Release|iPhone.Build.0 = Release|Any CPU
		{E87FF2A1-6AE3-4E20-8BF6-20BDD8682B35}.Release|iPhone.Deploy.0 = Release|Any CPU
		{E87FF2A1-6AE3-4E20-8BF6-20BDD8682B35}.Release|iPhoneSimulator.ActiveCfg = Release|Any CPU
		{E87FF2A1-6AE3-4E20-8BF6-20BDD8682B35}.Release|iPhoneSimulator.Build.0 = Release|Any CPU
		{E87FF2A1-6AE3-4E20-8BF6-20BDD8682B35}.Release|iPhoneSimulator.Deploy.0 = Release|Any CPU
		{E87FF2A1-6AE3-4E20-8BF6-20BDD8682B35}.Release|x64.ActiveCfg = Release|Any CPU
		{E87FF2A1-6AE3-4E20-8BF6-20BDD8682B35}.Release|x64.Build.0 = Release|Any CPU
		{E87FF2A1-6AE3-4E20-8BF6-20BDD8682B35}.Release|x64.Deploy.0 = Release|Any CPU
		{E87FF2A1-6AE3-4E20-8BF6-20BDD8682B35}.Release|x86.ActiveCfg = Release|Any CPU
		{E87FF2A1-6AE3-4E20-8BF6-20BDD8682B35}.Release|x86.Build.0 = Release|Any CPU
		{E87FF2A1-6AE3-4E20-8BF6-20BDD8682B35}.Release|x86.Deploy.0 = Release|Any CPU
		{DCD69BA5-0486-42C9-B5B9-059B06F33156}.Ad-Hoc|Any CPU.ActiveCfg = Ad-Hoc|iPhone
		{DCD69BA5-0486-42C9-B5B9-059B06F33156}.Ad-Hoc|ARM.ActiveCfg = Ad-Hoc|iPhone
		{DCD69BA5-0486-42C9-B5B9-059B06F33156}.Ad-Hoc|iPhone.ActiveCfg = Ad-Hoc|iPhone
		{DCD69BA5-0486-42C9-B5B9-059B06F33156}.Ad-Hoc|iPhone.Build.0 = Ad-Hoc|iPhone
		{DCD69BA5-0486-42C9-B5B9-059B06F33156}.Ad-Hoc|iPhoneSimulator.ActiveCfg = Ad-Hoc|iPhoneSimulator
		{DCD69BA5-0486-42C9-B5B9-059B06F33156}.Ad-Hoc|iPhoneSimulator.Build.0 = Ad-Hoc|iPhoneSimulator
		{DCD69BA5-0486-42C9-B5B9-059B06F33156}.Ad-Hoc|x64.ActiveCfg = Ad-Hoc|iPhone
		{DCD69BA5-0486-42C9-B5B9-059B06F33156}.Ad-Hoc|x86.ActiveCfg = Ad-Hoc|iPhone
		{DCD69BA5-0486-42C9-B5B9-059B06F33156}.AppStore|Any CPU.ActiveCfg = AppStore|iPhone
		{DCD69BA5-0486-42C9-B5B9-059B06F33156}.AppStore|ARM.ActiveCfg = AppStore|iPhone
		{DCD69BA5-0486-42C9-B5B9-059B06F33156}.AppStore|iPhone.ActiveCfg = AppStore|iPhone
		{DCD69BA5-0486-42C9-B5B9-059B06F33156}.AppStore|iPhone.Build.0 = AppStore|iPhone
		{DCD69BA5-0486-42C9-B5B9-059B06F33156}.AppStore|iPhoneSimulator.ActiveCfg = AppStore|iPhoneSimulator
		{DCD69BA5-0486-42C9-B5B9-059B06F33156}.AppStore|iPhoneSimulator.Build.0 = AppStore|iPhoneSimulator
		{DCD69BA5-0486-42C9-B5B9-059B06F33156}.AppStore|x64.ActiveCfg = AppStore|iPhone
		{DCD69BA5-0486-42C9-B5B9-059B06F33156}.AppStore|x86.ActiveCfg = AppStore|iPhone
		{DCD69BA5-0486-42C9-B5B9-059B06F33156}.Debug|Any CPU.ActiveCfg = Debug|iPhone
		{DCD69BA5-0486-42C9-B5B9-059B06F33156}.Debug|ARM.ActiveCfg = Debug|iPhone
		{DCD69BA5-0486-42C9-B5B9-059B06F33156}.Debug|iPhone.ActiveCfg = Debug|iPhone
		{DCD69BA5-0486-42C9-B5B9-059B06F33156}.Debug|iPhone.Build.0 = Debug|iPhone
		{DCD69BA5-0486-42C9-B5B9-059B06F33156}.Debug|iPhoneSimulator.ActiveCfg = Debug|iPhoneSimulator
		{DCD69BA5-0486-42C9-B5B9-059B06F33156}.Debug|iPhoneSimulator.Build.0 = Debug|iPhoneSimulator
		{DCD69BA5-0486-42C9-B5B9-059B06F33156}.Debug|x64.ActiveCfg = Debug|iPhone
		{DCD69BA5-0486-42C9-B5B9-059B06F33156}.Debug|x86.ActiveCfg = Debug|iPhone
		{DCD69BA5-0486-42C9-B5B9-059B06F33156}.Release|Any CPU.ActiveCfg = Release|iPhone
		{DCD69BA5-0486-42C9-B5B9-059B06F33156}.Release|ARM.ActiveCfg = Release|iPhone
		{DCD69BA5-0486-42C9-B5B9-059B06F33156}.Release|iPhone.ActiveCfg = Release|iPhone
		{DCD69BA5-0486-42C9-B5B9-059B06F33156}.Release|iPhone.Build.0 = Release|iPhone
		{DCD69BA5-0486-42C9-B5B9-059B06F33156}.Release|iPhoneSimulator.ActiveCfg = Release|iPhoneSimulator
		{DCD69BA5-0486-42C9-B5B9-059B06F33156}.Release|iPhoneSimulator.Build.0 = Release|iPhoneSimulator
		{DCD69BA5-0486-42C9-B5B9-059B06F33156}.Release|x64.ActiveCfg = Release|iPhone
		{DCD69BA5-0486-42C9-B5B9-059B06F33156}.Release|x86.ActiveCfg = Release|iPhone
		{FD4FD01B-5ECD-4EC8-B36F-4B3864038FB2}.Ad-Hoc|Any CPU.ActiveCfg = Release|x86
		{FD4FD01B-5ECD-4EC8-B36F-4B3864038FB2}.Ad-Hoc|Any CPU.Build.0 = Release|x86
		{FD4FD01B-5ECD-4EC8-B36F-4B3864038FB2}.Ad-Hoc|Any CPU.Deploy.0 = Release|x86
		{FD4FD01B-5ECD-4EC8-B36F-4B3864038FB2}.Ad-Hoc|ARM.ActiveCfg = Release|ARM
		{FD4FD01B-5ECD-4EC8-B36F-4B3864038FB2}.Ad-Hoc|ARM.Build.0 = Release|ARM
		{FD4FD01B-5ECD-4EC8-B36F-4B3864038FB2}.Ad-Hoc|ARM.Deploy.0 = Release|ARM
		{FD4FD01B-5ECD-4EC8-B36F-4B3864038FB2}.Ad-Hoc|iPhone.ActiveCfg = Release|x86
		{FD4FD01B-5ECD-4EC8-B36F-4B3864038FB2}.Ad-Hoc|iPhone.Build.0 = Release|x86
		{FD4FD01B-5ECD-4EC8-B36F-4B3864038FB2}.Ad-Hoc|iPhone.Deploy.0 = Release|x86
		{FD4FD01B-5ECD-4EC8-B36F-4B3864038FB2}.Ad-Hoc|iPhoneSimulator.ActiveCfg = Release|x86
		{FD4FD01B-5ECD-4EC8-B36F-4B3864038FB2}.Ad-Hoc|iPhoneSimulator.Build.0 = Release|x86
		{FD4FD01B-5ECD-4EC8-B36F-4B3864038FB2}.Ad-Hoc|iPhoneSimulator.Deploy.0 = Release|x86
		{FD4FD01B-5ECD-4EC8-B36F-4B3864038FB2}.Ad-Hoc|x64.ActiveCfg = Release|x64
		{FD4FD01B-5ECD-4EC8-B36F-4B3864038FB2}.Ad-Hoc|x64.Build.0 = Release|x64
		{FD4FD01B-5ECD-4EC8-B36F-4B3864038FB2}.Ad-Hoc|x64.Deploy.0 = Release|x64
		{FD4FD01B-5ECD-4EC8-B36F-4B3864038FB2}.Ad-Hoc|x86.ActiveCfg = Release|x86
		{FD4FD01B-5ECD-4EC8-B36F-4B3864038FB2}.Ad-Hoc|x86.Build.0 = Release|x86
		{FD4FD01B-5ECD-4EC8-B36F-4B3864038FB2}.Ad-Hoc|x86.Deploy.0 = Release|x86
		{FD4FD01B-5ECD-4EC8-B36F-4B3864038FB2}.AppStore|Any CPU.ActiveCfg = Release|x86
		{FD4FD01B-5ECD-4EC8-B36F-4B3864038FB2}.AppStore|Any CPU.Build.0 = Release|x86
		{FD4FD01B-5ECD-4EC8-B36F-4B3864038FB2}.AppStore|Any CPU.Deploy.0 = Release|x86
		{FD4FD01B-5ECD-4EC8-B36F-4B3864038FB2}.AppStore|ARM.ActiveCfg = Release|ARM
		{FD4FD01B-5ECD-4EC8-B36F-4B3864038FB2}.AppStore|ARM.Build.0 = Release|ARM
		{FD4FD01B-5ECD-4EC8-B36F-4B3864038FB2}.AppStore|ARM.Deploy.0 = Release|ARM
		{FD4FD01B-5ECD-4EC8-B36F-4B3864038FB2}.AppStore|iPhone.ActiveCfg = Release|x86
		{FD4FD01B-5ECD-4EC8-B36F-4B3864038FB2}.AppStore|iPhone.Build.0 = Release|x86
		{FD4FD01B-5ECD-4EC8-B36F-4B3864038FB2}.AppStore|iPhone.Deploy.0 = Release|x86
		{FD4FD01B-5ECD-4EC8-B36F-4B3864038FB2}.AppStore|iPhoneSimulator.ActiveCfg = Release|x86
		{FD4FD01B-5ECD-4EC8-B36F-4B3864038FB2}.AppStore|iPhoneSimulator.Build.0 = Release|x86
		{FD4FD01B-5ECD-4EC8-B36F-4B3864038FB2}.AppStore|iPhoneSimulator.Deploy.0 = Release|x86
		{FD4FD01B-5ECD-4EC8-B36F-4B3864038FB2}.AppStore|x64.ActiveCfg = Release|x64
		{FD4FD01B-5ECD-4EC8-B36F-4B3864038FB2}.AppStore|x64.Build.0 = Release|x64
		{FD4FD01B-5ECD-4EC8-B36F-4B3864038FB2}.AppStore|x64.Deploy.0 = Release|x64
		{FD4FD01B-5ECD-4EC8-B36F-4B3864038FB2}.AppStore|x86.ActiveCfg = Release|x86
		{FD4FD01B-5ECD-4EC8-B36F-4B3864038FB2}.AppStore|x86.Build.0 = Release|x86
		{FD4FD01B-5ECD-4EC8-B36F-4B3864038FB2}.AppStore|x86.Deploy.0 = Release|x86
		{FD4FD01B-5ECD-4EC8-B36F-4B3864038FB2}.Debug|Any CPU.ActiveCfg = Debug|x86
		{FD4FD01B-5ECD-4EC8-B36F-4B3864038FB2}.Debug|ARM.ActiveCfg = Debug|ARM
		{FD4FD01B-5ECD-4EC8-B36F-4B3864038FB2}.Debug|ARM.Build.0 = Debug|ARM
		{FD4FD01B-5ECD-4EC8-B36F-4B3864038FB2}.Debug|ARM.Deploy.0 = Debug|ARM
		{FD4FD01B-5ECD-4EC8-B36F-4B3864038FB2}.Debug|iPhone.ActiveCfg = Debug|x86
		{FD4FD01B-5ECD-4EC8-B36F-4B3864038FB2}.Debug|iPhoneSimulator.ActiveCfg = Debug|x86
		{FD4FD01B-5ECD-4EC8-B36F-4B3864038FB2}.Debug|iPhoneSimulator.Build.0 = Debug|x86
		{FD4FD01B-5ECD-4EC8-B36F-4B3864038FB2}.Debug|iPhoneSimulator.Deploy.0 = Debug|x86
		{FD4FD01B-5ECD-4EC8-B36F-4B3864038FB2}.Debug|x64.ActiveCfg = Debug|x64
		{FD4FD01B-5ECD-4EC8-B36F-4B3864038FB2}.Debug|x64.Build.0 = Debug|x64
		{FD4FD01B-5ECD-4EC8-B36F-4B3864038FB2}.Debug|x64.Deploy.0 = Debug|x64
		{FD4FD01B-5ECD-4EC8-B36F-4B3864038FB2}.Debug|x86.ActiveCfg = Debug|x86
		{FD4FD01B-5ECD-4EC8-B36F-4B3864038FB2}.Debug|x86.Build.0 = Debug|x86
		{FD4FD01B-5ECD-4EC8-B36F-4B3864038FB2}.Debug|x86.Deploy.0 = Debug|x86
		{FD4FD01B-5ECD-4EC8-B36F-4B3864038FB2}.Release|Any CPU.ActiveCfg = Release|x86
		{FD4FD01B-5ECD-4EC8-B36F-4B3864038FB2}.Release|ARM.ActiveCfg = Release|ARM
		{FD4FD01B-5ECD-4EC8-B36F-4B3864038FB2}.Release|ARM.Build.0 = Release|ARM
		{FD4FD01B-5ECD-4EC8-B36F-4B3864038FB2}.Release|ARM.Deploy.0 = Release|ARM
		{FD4FD01B-5ECD-4EC8-B36F-4B3864038FB2}.Release|iPhone.ActiveCfg = Release|x86
		{FD4FD01B-5ECD-4EC8-B36F-4B3864038FB2}.Release|iPhoneSimulator.ActiveCfg = Release|x86
		{FD4FD01B-5ECD-4EC8-B36F-4B3864038FB2}.Release|x64.ActiveCfg = Release|x64
		{FD4FD01B-5ECD-4EC8-B36F-4B3864038FB2}.Release|x64.Build.0 = Release|x64
		{FD4FD01B-5ECD-4EC8-B36F-4B3864038FB2}.Release|x64.Deploy.0 = Release|x64
		{FD4FD01B-5ECD-4EC8-B36F-4B3864038FB2}.Release|x86.ActiveCfg = Release|x86
		{FD4FD01B-5ECD-4EC8-B36F-4B3864038FB2}.Release|x86.Build.0 = Release|x86
		{FD4FD01B-5ECD-4EC8-B36F-4B3864038FB2}.Release|x86.Deploy.0 = Release|x86
	EndGlobalSection
	GlobalSection(SolutionProperties) = preSolution
		HideSolutionNode = FALSE
	EndGlobalSection
EndGlobal
